
Microsoft Visual Studio Solution File, Format Version 12.00
# Visual Studio Version 16
VisualStudioVersion = 16.0.33927.289
MinimumVisualStudioVersion = 10.0.40219.1
Project("{2150E333-8FDC-42A3-9474-1A3956D46DE8}") = "Task0", "Task0", "{C428577C-F741-4146-92DD-E5BC3EDFC74A}"
EndProject
Project("{FAE04EC0-301F-11D3-BF4B-00C04F79EFBC}") = "Tyuiu.KultyshevaEA.Sprint4.Task0.V18", "Tyuiu.KultyshevaEA.Sprint4.Task0.V18\Tyuiu.KultyshevaEA.Sprint4.Task0.V18.csproj", "{5DA6520C-7030-4ADE-81C3-07B6F09C46E1}"
EndProject
Project("{FAE04EC0-301F-11D3-BF4B-00C04F79EFBC}") = "Tyuiu.KultyshevaEA.Sprint4.Task0.V18.Lib", "Tyuiu.KultyshevaEA.Sprint4.Task0.V18.Lib\Tyuiu.KultyshevaEA.Sprint4.Task0.V18.Lib.csproj", "{EDC7B005-63BE-4942-B429-3368E2E0698F}"
EndProject
Project("{FAE04EC0-301F-11D3-BF4B-00C04F79EFBC}") = "Tyuiu.KultyshevaEA.Sprint4.Task0.V18.Test", "Tyuiu.KultyshevaEA.Sprint4.Task0.V18.Test\Tyuiu.KultyshevaEA.Sprint4.Task0.V18.Test.csproj", "{8379A8F8-7EA6-463B-97BD-37999B94A514}"
EndProject
Project("{2150E333-8FDC-42A3-9474-1A3956D46DE8}") = "Task1", "Task1", "{D3652CD3-7E79-4F54-84D6-2FE576202B03}"
EndProject
Project("{FAE04EC0-301F-11D3-BF4B-00C04F79EFBC}") = "Tyuiu.KultyshevaEA.Sprint4.Task1.V5", "Tyuiu.KultyshevaEA.Sprint4.Task1.V5\Tyuiu.KultyshevaEA.Sprint4.Task1.V5.csproj", "{1EA19B8C-617C-469C-A978-EF057404088E}"
EndProject
Project("{FAE04EC0-301F-11D3-BF4B-00C04F79EFBC}") = "Tyuiu.KultyshevaEA.Sprint4.Task1.V5.Lib", "Tyuiu.KultyshevaEA.Sprint4.Task1.V5.Lib\Tyuiu.KultyshevaEA.Sprint4.Task1.V5.Lib.csproj", "{175225A8-3A77-4951-BFBA-2CA534074C7D}"
EndProject
Project("{FAE04EC0-301F-11D3-BF4B-00C04F79EFBC}") = "Tyuiu.KultyshevaEA.Sprint4.Task1.V5.Test", "Tyuiu.KultyshevaEA.Sprint4.Task1.V5.Test\Tyuiu.KultyshevaEA.Sprint4.Task1.V5.Test.csproj", "{8F410FDE-1CCC-4BFE-9BDD-8F48A55418B2}"
EndProject
Project("{2150E333-8FDC-42A3-9474-1A3956D46DE8}") = "Task2", "Task2", "{AA600EAF-E007-49A1-9B08-DB3DD7982CC0}"
EndProject
Project("{FAE04EC0-301F-11D3-BF4B-00C04F79EFBC}") = "Tyuiu.KultyshevaEA.Sprint4.Task2.V29", "Tyuiu.KultyshevaEA.Sprint4.Task2.V29\Tyuiu.KultyshevaEA.Sprint4.Task2.V29.csproj", "{E6419527-3925-485B-9557-B2BB344A57CD}"
EndProject
Project("{FAE04EC0-301F-11D3-BF4B-00C04F79EFBC}") = "Tyuiu.KultyshevaEA.Sprint4.Task2.V29.Lib", "Tyuiu.KultyshevaEA.Sprint4.Task2.V29.Lib\Tyuiu.KultyshevaEA.Sprint4.Task2.V29.Lib.csproj", "{1A25C333-7A52-4F77-824E-E461FCE6EF62}"
EndProject
Project("{FAE04EC0-301F-11D3-BF4B-00C04F79EFBC}") = "Tyuiu.KultyshevaEA.Sprint4.Task2.V29.Test", "Tyuiu.KultyshevaEA.Sprint4.Task2.V29.Test\Tyuiu.KultyshevaEA.Sprint4.Task2.V29.Test.csproj", "{0288329C-03EF-4683-82B5-5AADEB919A02}"
EndProject
Project("{2150E333-8FDC-42A3-9474-1A3956D46DE8}") = "Task3", "Task3", "{F1B77529-5185-4AB2-B4F4-DAA553ACD78B}"
EndProject
Project("{FAE04EC0-301F-11D3-BF4B-00C04F79EFBC}") = "Tyuiu.KultyshevaEA.Sprint4.Task3.V25", "Tyuiu.KultyshevaEA.Sprint4.Task3.V25\Tyuiu.KultyshevaEA.Sprint4.Task3.V25.csproj", "{4C689631-F4AB-46A0-86B2-3E329B3CD5C2}"
EndProject
Project("{FAE04EC0-301F-11D3-BF4B-00C04F79EFBC}") = "Tyuiu.KultyshevaEA.Sprint4.Task3.V25.Lib", "Tyuiu.KultyshevaEA.Sprint4.Task3.V25.Lib\Tyuiu.KultyshevaEA.Sprint4.Task3.V25.Lib.csproj", "{0BA4572D-412C-4705-8A56-55E457F376E7}"
EndProject
Project("{FAE04EC0-301F-11D3-BF4B-00C04F79EFBC}") = "Tyuiu.KultyshevaEA.Sprint4.Task3.V25.Test", "Tyuiu.KultyshevaEA.Sprint4.Task3.V25.Test\Tyuiu.KultyshevaEA.Sprint4.Task3.V25.Test.csproj", "{C0B48548-ECCF-4E95-9FB4-BA062376849A}"
EndProject
Project("{2150E333-8FDC-42A3-9474-1A3956D46DE8}") = "Task4", "Task4", "{F122FF54-3698-4560-BA6C-4F6834F5CF41}"
EndProject
Project("{FAE04EC0-301F-11D3-BF4B-00C04F79EFBC}") = "Tyuiu.KultyshevaEA.Sprint4.Task4.V6", "Tyuiu.KultyshevaEA.Sprint4.Task4.V6\Tyuiu.KultyshevaEA.Sprint4.Task4.V6.csproj", "{8B3E1673-69C8-4A46-9557-74E393E710B3}"
EndProject
Project("{FAE04EC0-301F-11D3-BF4B-00C04F79EFBC}") = "Tyuiu.KultyshevaEA.Sprint4.Task4.V6.Lib", "Tyuiu.KultyshevaEA.Sprint4.Task4.V6.Lib\Tyuiu.KultyshevaEA.Sprint4.Task4.V6.Lib.csproj", "{A512FEF1-DC7A-48AF-A816-C592ABAA9229}"
EndProject
Project("{FAE04EC0-301F-11D3-BF4B-00C04F79EFBC}") = "Tyuiu.KultyshevaEA.Sprint4.Task4.V6.Test", "Tyuiu.KultyshevaEA.Sprint4.Task4.V6.Test\Tyuiu.KultyshevaEA.Sprint4.Task4.V6.Test.csproj", "{04C40A83-03A7-4A4E-9145-56ED35518668}"
EndProject
Project("{2150E333-8FDC-42A3-9474-1A3956D46DE8}") = "Task5", "Task5", "{7D03055F-F8D8-43D0-80BD-BE84346C9464}"
EndProject
Project("{FAE04EC0-301F-11D3-BF4B-00C04F79EFBC}") = "Tyuiu.KultyshevaEA.Sprint4.Task5.V12", "Tyuiu.KultyshevaEA.Sprint4.Task5.V12\Tyuiu.KultyshevaEA.Sprint4.Task5.V12.csproj", "{4A78CDE2-D319-4478-B71D-7E44A374E5E1}"
EndProject
Project("{FAE04EC0-301F-11D3-BF4B-00C04F79EFBC}") = "Tyuiu.KultyshevaEA.Sprint4.Task5.V12.Lib", "Tyuiu.KultyshevaEA.Sprint4.Task5.V12.Lib\Tyuiu.KultyshevaEA.Sprint4.Task5.V12.Lib.csproj", "{AE6F7A0E-FF2D-4F48-B290-D90D77B47821}"
EndProject
Project("{FAE04EC0-301F-11D3-BF4B-00C04F79EFBC}") = "Tyuiu.KultyshevaEA.Sprint4.Task5.V12.Test", "Tyuiu.KultyshevaEA.Sprint4.Task5.V12.Test\Tyuiu.KultyshevaEA.Sprint4.Task5.V12.Test.csproj", "{F285A58A-AAD3-4AF3-A9F5-AA88AA3EC15C}"
EndProject
Project("{2150E333-8FDC-42A3-9474-1A3956D46DE8}") = "Task6", "Task6", "{B7016134-B20A-4119-8694-ADB7C52DAFC3}"
EndProject
Project("{FAE04EC0-301F-11D3-BF4B-00C04F79EFBC}") = "Tyuiu.KultyshevaEA.Sprint4.Task6.V28", "Tyuiu.KultyshevaEA.Sprint4.Task6.V28\Tyuiu.KultyshevaEA.Sprint4.Task6.V28.csproj", "{A7622783-EC43-4530-B70F-53CE656D3CFB}"
EndProject
Project("{FAE04EC0-301F-11D3-BF4B-00C04F79EFBC}") = "Tyuiu.KultyshevaEA.Sprint4.Task6.V28.Lib", "Tyuiu.KultyshevaEA.Sprint4.Task6.V28.Lib\Tyuiu.KultyshevaEA.Sprint4.Task6.V28.Lib.csproj", "{BF60E80C-1823-4BA1-A8D2-615D505C3856}"
EndProject
Project("{FAE04EC0-301F-11D3-BF4B-00C04F79EFBC}") = "Tyuiu.KultyshevaEA.Sprint4.Task6.V28.Test", "Tyuiu.KultyshevaEA.Sprint4.Task6.V28.Test\Tyuiu.KultyshevaEA.Sprint4.Task6.V28.Test.csproj", "{32D18560-CF49-45A8-80A4-355B246E3D70}"
EndProject
Project("{2150E333-8FDC-42A3-9474-1A3956D46DE8}") = "Task7", "Task7", "{BD518D78-D62D-4E18-9E7F-02A273364830}"
EndProject
Project("{FAE04EC0-301F-11D3-BF4B-00C04F79EFBC}") = "Tyuiu.KultyshevaEA.Sprint4.Task7.V7", "Tyuiu.KultyshevaEA.Sprint4.Task7.V7\Tyuiu.KultyshevaEA.Sprint4.Task7.V7.csproj", "{9C99AEF1-88C9-4D7A-B730-CB3A6FA795B5}"
EndProject
Project("{FAE04EC0-301F-11D3-BF4B-00C04F79EFBC}") = "Tyuiu.KultyshevaEA.Sprint4.Task7.V7.Lib", "Tyuiu.KultyshevaEA.Sprint4.Task7.V7.Lib\Tyuiu.KultyshevaEA.Sprint4.Task7.V7.Lib.csproj", "{C542EDAB-1F16-4860-9354-BE0FEF587E6C}"
EndProject
Project("{FAE04EC0-301F-11D3-BF4B-00C04F79EFBC}") = "Tyuiu.KultyshevaEA.Sprint4.Task7.V7.Test", "Tyuiu.KultyshevaEA.Sprint4.Task7.V7.Test\Tyuiu.KultyshevaEA.Sprint4.Task7.V7.Test.csproj", "{1F87FE59-7522-4F0E-B9CE-2D000E419C36}"
EndProject
Global
	GlobalSection(SolutionConfigurationPlatforms) = preSolution
		Debug|Any CPU = Debug|Any CPU
		Release|Any CPU = Release|Any CPU
	EndGlobalSection
	GlobalSection(ProjectConfigurationPlatforms) = postSolution
		{5DA6520C-7030-4ADE-81C3-07B6F09C46E1}.Debug|Any CPU.ActiveCfg = Debug|Any CPU
		{5DA6520C-7030-4ADE-81C3-07B6F09C46E1}.Debug|Any CPU.Build.0 = Debug|Any CPU
		{5DA6520C-7030-4ADE-81C3-07B6F09C46E1}.Release|Any CPU.ActiveCfg = Release|Any CPU
		{5DA6520C-7030-4ADE-81C3-07B6F09C46E1}.Release|Any CPU.Build.0 = Release|Any CPU
		{EDC7B005-63BE-4942-B429-3368E2E0698F}.Debug|Any CPU.ActiveCfg = Debug|Any CPU
		{EDC7B005-63BE-4942-B429-3368E2E0698F}.Debug|Any CPU.Build.0 = Debug|Any CPU
		{EDC7B005-63BE-4942-B429-3368E2E0698F}.Release|Any CPU.ActiveCfg = Release|Any CPU
		{EDC7B005-63BE-4942-B429-3368E2E0698F}.Release|Any CPU.Build.0 = Release|Any CPU
		{8379A8F8-7EA6-463B-97BD-37999B94A514}.Debug|Any CPU.ActiveCfg = Debug|Any CPU
		{8379A8F8-7EA6-463B-97BD-37999B94A514}.Debug|Any CPU.Build.0 = Debug|Any CPU
		{8379A8F8-7EA6-463B-97BD-37999B94A514}.Release|Any CPU.ActiveCfg = Release|Any CPU
		{8379A8F8-7EA6-463B-97BD-37999B94A514}.Release|Any CPU.Build.0 = Release|Any CPU
		{1EA19B8C-617C-469C-A978-EF057404088E}.Debug|Any CPU.ActiveCfg = Debug|Any CPU
		{1EA19B8C-617C-469C-A978-EF057404088E}.Debug|Any CPU.Build.0 = Debug|Any CPU
		{1EA19B8C-617C-469C-A978-EF057404088E}.Release|Any CPU.ActiveCfg = Release|Any CPU
		{1EA19B8C-617C-469C-A978-EF057404088E}.Release|Any CPU.Build.0 = Release|Any CPU
		{175225A8-3A77-4951-BFBA-2CA534074C7D}.Debug|Any CPU.ActiveCfg = Debug|Any CPU
		{175225A8-3A77-4951-BFBA-2CA534074C7D}.Debug|Any CPU.Build.0 = Debug|Any CPU
		{175225A8-3A77-4951-BFBA-2CA534074C7D}.Release|Any CPU.ActiveCfg = Release|Any CPU
		{175225A8-3A77-4951-BFBA-2CA534074C7D}.Release|Any CPU.Build.0 = Release|Any CPU
		{8F410FDE-1CCC-4BFE-9BDD-8F48A55418B2}.Debug|Any CPU.ActiveCfg = Debug|Any CPU
		{8F410FDE-1CCC-4BFE-9BDD-8F48A55418B2}.Debug|Any CPU.Build.0 = Debug|Any CPU
		{8F410FDE-1CCC-4BFE-9BDD-8F48A55418B2}.Release|Any CPU.ActiveCfg = Release|Any CPU
		{8F410FDE-1CCC-4BFE-9BDD-8F48A55418B2}.Release|Any CPU.Build.0 = Release|Any CPU
		{E6419527-3925-485B-9557-B2BB344A57CD}.Debug|Any CPU.ActiveCfg = Debug|Any CPU
		{E6419527-3925-485B-9557-B2BB344A57CD}.Debug|Any CPU.Build.0 = Debug|Any CPU
		{E6419527-3925-485B-9557-B2BB344A57CD}.Release|Any CPU.ActiveCfg = Release|Any CPU
		{E6419527-3925-485B-9557-B2BB344A57CD}.Release|Any CPU.Build.0 = Release|Any CPU
		{1A25C333-7A52-4F77-824E-E461FCE6EF62}.Debug|Any CPU.ActiveCfg = Debug|Any CPU
		{1A25C333-7A52-4F77-824E-E461FCE6EF62}.Debug|Any CPU.Build.0 = Debug|Any CPU
		{1A25C333-7A52-4F77-824E-E461FCE6EF62}.Release|Any CPU.ActiveCfg = Release|Any CPU
		{1A25C333-7A52-4F77-824E-E461FCE6EF62}.Release|Any CPU.Build.0 = Release|Any CPU
		{0288329C-03EF-4683-82B5-5AADEB919A02}.Debug|Any CPU.ActiveCfg = Debug|Any CPU
		{0288329C-03EF-4683-82B5-5AADEB919A02}.Debug|Any CPU.Build.0 = Debug|Any CPU
		{0288329C-03EF-4683-82B5-5AADEB919A02}.Release|Any CPU.ActiveCfg = Release|Any CPU
		{0288329C-03EF-4683-82B5-5AADEB919A02}.Release|Any CPU.Build.0 = Release|Any CPU
		{4C689631-F4AB-46A0-86B2-3E329B3CD5C2}.Debug|Any CPU.ActiveCfg = Debug|Any CPU
		{4C689631-F4AB-46A0-86B2-3E329B3CD5C2}.Debug|Any CPU.Build.0 = Debug|Any CPU
		{4C689631-F4AB-46A0-86B2-3E329B3CD5C2}.Release|Any CPU.ActiveCfg = Release|Any CPU
		{4C689631-F4AB-46A0-86B2-3E329B3CD5C2}.Release|Any CPU.Build.0 = Release|Any CPU
		{0BA4572D-412C-4705-8A56-55E457F376E7}.Debug|Any CPU.ActiveCfg = Debug|Any CPU
		{0BA4572D-412C-4705-8A56-55E457F376E7}.Debug|Any CPU.Build.0 = Debug|Any CPU
		{0BA4572D-412C-4705-8A56-55E457F376E7}.Release|Any CPU.ActiveCfg = Release|Any CPU
		{0BA4572D-412C-4705-8A56-55E457F376E7}.Release|Any CPU.Build.0 = Release|Any CPU
		{C0B48548-ECCF-4E95-9FB4-BA062376849A}.Debug|Any CPU.ActiveCfg = Debug|Any CPU
		{C0B48548-ECCF-4E95-9FB4-BA062376849A}.Debug|Any CPU.Build.0 = Debug|Any CPU
		{C0B48548-ECCF-4E95-9FB4-BA062376849A}.Release|Any CPU.ActiveCfg = Release|Any CPU
		{C0B48548-ECCF-4E95-9FB4-BA062376849A}.Release|Any CPU.Build.0 = Release|Any CPU
		{8B3E1673-69C8-4A46-9557-74E393E710B3}.Debug|Any CPU.ActiveCfg = Debug|Any CPU
		{8B3E1673-69C8-4A46-9557-74E393E710B3}.Debug|Any CPU.Build.0 = Debug|Any CPU
		{8B3E1673-69C8-4A46-9557-74E393E710B3}.Release|Any CPU.ActiveCfg = Release|Any CPU
		{8B3E1673-69C8-4A46-9557-74E393E710B3}.Release|Any CPU.Build.0 = Release|Any CPU
		{A512FEF1-DC7A-48AF-A816-C592ABAA9229}.Debug|Any CPU.ActiveCfg = Debug|Any CPU
		{A512FEF1-DC7A-48AF-A816-C592ABAA9229}.Debug|Any CPU.Build.0 = Debug|Any CPU
		{A512FEF1-DC7A-48AF-A816-C592ABAA9229}.Release|Any CPU.ActiveCfg = Release|Any CPU
		{A512FEF1-DC7A-48AF-A816-C592ABAA9229}.Release|Any CPU.Build.0 = Release|Any CPU
		{04C40A83-03A7-4A4E-9145-56ED35518668}.Debug|Any CPU.ActiveCfg = Debug|Any CPU
		{04C40A83-03A7-4A4E-9145-56ED35518668}.Debug|Any CPU.Build.0 = Debug|Any CPU
		{04C40A83-03A7-4A4E-9145-56ED35518668}.Release|Any CPU.ActiveCfg = Release|Any CPU
		{04C40A83-03A7-4A4E-9145-56ED35518668}.Release|Any CPU.Build.0 = Release|Any CPU
		{4A78CDE2-D319-4478-B71D-7E44A374E5E1}.Debug|Any CPU.ActiveCfg = Debug|Any CPU
		{4A78CDE2-D319-4478-B71D-7E44A374E5E1}.Debug|Any CPU.Build.0 = Debug|Any CPU
		{4A78CDE2-D319-4478-B71D-7E44A374E5E1}.Release|Any CPU.ActiveCfg = Release|Any CPU
		{4A78CDE2-D319-4478-B71D-7E44A374E5E1}.Release|Any CPU.Build.0 = Release|Any CPU
		{AE6F7A0E-FF2D-4F48-B290-D90D77B47821}.Debug|Any CPU.ActiveCfg = Debug|Any CPU
		{AE6F7A0E-FF2D-4F48-B290-D90D77B47821}.Debug|Any CPU.Build.0 = Debug|Any CPU
		{AE6F7A0E-FF2D-4F48-B290-D90D77B47821}.Release|Any CPU.ActiveCfg = Release|Any CPU
		{AE6F7A0E-FF2D-4F48-B290-D90D77B47821}.Release|Any CPU.Build.0 = Release|Any CPU
		{F285A58A-AAD3-4AF3-A9F5-AA88AA3EC15C}.Debug|Any CPU.ActiveCfg = Debug|Any CPU
		{F285A58A-AAD3-4AF3-A9F5-AA88AA3EC15C}.Debug|Any CPU.Build.0 = Debug|Any CPU
		{F285A58A-AAD3-4AF3-A9F5-AA88AA3EC15C}.Release|Any CPU.ActiveCfg = Release|Any CPU
		{F285A58A-AAD3-4AF3-A9F5-AA88AA3EC15C}.Release|Any CPU.Build.0 = Release|Any CPU
		{A7622783-EC43-4530-B70F-53CE656D3CFB}.Debug|Any CPU.ActiveCfg = Debug|Any CPU
		{A7622783-EC43-4530-B70F-53CE656D3CFB}.Debug|Any CPU.Build.0 = Debug|Any CPU
		{A7622783-EC43-4530-B70F-53CE656D3CFB}.Release|Any CPU.ActiveCfg = Release|Any CPU
		{A7622783-EC43-4530-B70F-53CE656D3CFB}.Release|Any CPU.Build.0 = Release|Any CPU
		{BF60E80C-1823-4BA1-A8D2-615D505C3856}.Debug|Any CPU.ActiveCfg = Debug|Any CPU
		{BF60E80C-1823-4BA1-A8D2-615D505C3856}.Debug|Any CPU.Build.0 = Debug|Any CPU
		{BF60E80C-1823-4BA1-A8D2-615D505C3856}.Release|Any CPU.ActiveCfg = Release|Any CPU
		{BF60E80C-1823-4BA1-A8D2-615D505C3856}.Release|Any CPU.Build.0 = Release|Any CPU
		{32D18560-CF49-45A8-80A4-355B246E3D70}.Debug|Any CPU.ActiveCfg = Debug|Any CPU
		{32D18560-CF49-45A8-80A4-355B246E3D70}.Debug|Any CPU.Build.0 = Debug|Any CPU
		{32D18560-CF49-45A8-80A4-355B246E3D70}.Release|Any CPU.ActiveCfg = Release|Any CPU
		{32D18560-CF49-45A8-80A4-355B246E3D70}.Release|Any CPU.Build.0 = Release|Any CPU
		{9C99AEF1-88C9-4D7A-B730-CB3A6FA795B5}.Debug|Any CPU.ActiveCfg = Debug|Any CPU
		{9C99AEF1-88C9-4D7A-B730-CB3A6FA795B5}.Debug|Any CPU.Build.0 = Debug|Any CPU
		{9C99AEF1-88C9-4D7A-B730-CB3A6FA795B5}.Release|Any CPU.ActiveCfg = Release|Any CPU
		{9C99AEF1-88C9-4D7A-B730-CB3A6FA795B5}.Release|Any CPU.Build.0 = Release|Any CPU
		{C542EDAB-1F16-4860-9354-BE0FEF587E6C}.Debug|Any CPU.ActiveCfg = Debug|Any CPU
		{C542EDAB-1F16-4860-9354-BE0FEF587E6C}.Debug|Any CPU.Build.0 = Debug|Any CPU
		{C542EDAB-1F16-4860-9354-BE0FEF587E6C}.Release|Any CPU.ActiveCfg = Release|Any CPU
		{C542EDAB-1F16-4860-9354-BE0FEF587E6C}.Release|Any CPU.Build.0 = Release|Any CPU
		{1F87FE59-7522-4F0E-B9CE-2D000E419C36}.Debug|Any CPU.ActiveCfg = Debug|Any CPU
		{1F87FE59-7522-4F0E-B9CE-2D000E419C36}.Debug|Any CPU.Build.0 = Debug|Any CPU
		{1F87FE59-7522-4F0E-B9CE-2D000E419C36}.Release|Any CPU.ActiveCfg = Release|Any CPU
		{1F87FE59-7522-4F0E-B9CE-2D000E419C36}.Release|Any CPU.Build.0 = Release|Any CPU
	EndGlobalSection
	GlobalSection(SolutionProperties) = preSolution
		HideSolutionNode = FALSE
	EndGlobalSection
	GlobalSection(NestedProjects) = preSolution
		{5DA6520C-7030-4ADE-81C3-07B6F09C46E1} = {C428577C-F741-4146-92DD-E5BC3EDFC74A}
		{EDC7B005-63BE-4942-B429-3368E2E0698F} = {C428577C-F741-4146-92DD-E5BC3EDFC74A}
		{8379A8F8-7EA6-463B-97BD-37999B94A514} = {C428577C-F741-4146-92DD-E5BC3EDFC74A}
		{1EA19B8C-617C-469C-A978-EF057404088E} = {D3652CD3-7E79-4F54-84D6-2FE576202B03}
		{175225A8-3A77-4951-BFBA-2CA534074C7D} = {D3652CD3-7E79-4F54-84D6-2FE576202B03}
		{8F410FDE-1CCC-4BFE-9BDD-8F48A55418B2} = {D3652CD3-7E79-4F54-84D6-2FE576202B03}
		{E6419527-3925-485B-9557-B2BB344A57CD} = {AA600EAF-E007-49A1-9B08-DB3DD7982CC0}
		{1A25C333-7A52-4F77-824E-E461FCE6EF62} = {AA600EAF-E007-49A1-9B08-DB3DD7982CC0}
		{0288329C-03EF-4683-82B5-5AADEB919A02} = {AA600EAF-E007-49A1-9B08-DB3DD7982CC0}
		{4C689631-F4AB-46A0-86B2-3E329B3CD5C2} = {F1B77529-5185-4AB2-B4F4-DAA553ACD78B}
		{0BA4572D-412C-4705-8A56-55E457F376E7} = {F1B77529-5185-4AB2-B4F4-DAA553ACD78B}
		{C0B48548-ECCF-4E95-9FB4-BA062376849A} = {F1B77529-5185-4AB2-B4F4-DAA553ACD78B}
		{8B3E1673-69C8-4A46-9557-74E393E710B3} = {F122FF54-3698-4560-BA6C-4F6834F5CF41}
		{A512FEF1-DC7A-48AF-A816-C592ABAA9229} = {F122FF54-3698-4560-BA6C-4F6834F5CF41}
		{04C40A83-03A7-4A4E-9145-56ED35518668} = {F122FF54-3698-4560-BA6C-4F6834F5CF41}
		{4A78CDE2-D319-4478-B71D-7E44A374E5E1} = {7D03055F-F8D8-43D0-80BD-BE84346C9464}
		{AE6F7A0E-FF2D-4F48-B290-D90D77B47821} = {7D03055F-F8D8-43D0-80BD-BE84346C9464}
		{F285A58A-AAD3-4AF3-A9F5-AA88AA3EC15C} = {7D03055F-F8D8-43D0-80BD-BE84346C9464}
		{A7622783-EC43-4530-B70F-53CE656D3CFB} = {B7016134-B20A-4119-8694-ADB7C52DAFC3}
		{BF60E80C-1823-4BA1-A8D2-615D505C3856} = {B7016134-B20A-4119-8694-ADB7C52DAFC3}
		{32D18560-CF49-45A8-80A4-355B246E3D70} = {B7016134-B20A-4119-8694-ADB7C52DAFC3}
		{9C99AEF1-88C9-4D7A-B730-CB3A6FA795B5} = {BD518D78-D62D-4E18-9E7F-02A273364830}
		{C542EDAB-1F16-4860-9354-BE0FEF587E6C} = {BD518D78-D62D-4E18-9E7F-02A273364830}
		{1F87FE59-7522-4F0E-B9CE-2D000E419C36} = {BD518D78-D62D-4E18-9E7F-02A273364830}
	EndGlobalSection
	GlobalSection(ExtensibilityGlobals) = postSolution
		SolutionGuid = {47620D3E-1195-42B2-B9CC-FD1CE950602E}
	EndGlobalSection
EndGlobal
