
Microsoft Visual Studio Solution File, Format Version 12.00
# Visual Studio Version 16
VisualStudioVersion = 16.0.33927.289
MinimumVisualStudioVersion = 10.0.40219.1
Project("{2150E333-8FDC-42A3-9474-1A3956D46DE8}") = "Task0", "Task0", "{C428577C-F741-4146-92DD-E5BC3EDFC74A}"
EndProject
Project("{FAE04EC0-301F-11D3-BF4B-00C04F79EFBC}") = "Tyuiu.KultyshevaEA.Sprint4.Task0.V18", "Tyuiu.KultyshevaEA.Sprint4.Task0.V18\Tyuiu.KultyshevaEA.Sprint4.Task0.V18.csproj", "{5DA6520C-7030-4ADE-81C3-07B6F09C46E1}"
EndProject
Project("{FAE04EC0-301F-11D3-BF4B-00C04F79EFBC}") = "Tyuiu.KultyshevaEA.Sprint4.Task0.V18.Lib", "Tyuiu.KultyshevaEA.Sprint4.Task0.V18.Lib\Tyuiu.KultyshevaEA.Sprint4.Task0.V18.Lib.csproj", "{EDC7B005-63BE-4942-B429-3368E2E0698F}"
EndProject
Project("{FAE04EC0-301F-11D3-BF4B-00C04F79EFBC}") = "Tyuiu.KultyshevaEA.Sprint4.Task0.V18.Test", "Tyuiu.KultyshevaEA.Sprint4.Task0.V18.Test\Tyuiu.KultyshevaEA.Sprint4.Task0.V18.Test.csproj", "{8379A8F8-7EA6-463B-97BD-37999B94A514}"
EndProject
Global
	GlobalSection(SolutionConfigurationPlatforms) = preSolution
		Debug|Any CPU = Debug|Any CPU
		Release|Any CPU = Release|Any CPU
	EndGlobalSection
	GlobalSection(ProjectConfigurationPlatforms) = postSolution
		{5DA6520C-7030-4ADE-81C3-07B6F09C46E1}.Debug|Any CPU.ActiveCfg = Debug|Any CPU
		{5DA6520C-7030-4ADE-81C3-07B6F09C46E1}.Debug|Any CPU.Build.0 = Debug|Any CPU
		{5DA6520C-7030-4ADE-81C3-07B6F09C46E1}.Release|Any CPU.ActiveCfg = Release|Any CPU
		{5DA6520C-7030-4ADE-81C3-07B6F09C46E1}.Release|Any CPU.Build.0 = Release|Any CPU
		{EDC7B005-63BE-4942-B429-3368E2E0698F}.Debug|Any CPU.ActiveCfg = Debug|Any CPU
		{EDC7B005-63BE-4942-B429-3368E2E0698F}.Debug|Any CPU.Build.0 = Debug|Any CPU
		{EDC7B005-63BE-4942-B429-3368E2E0698F}.Release|Any CPU.ActiveCfg = Release|Any CPU
		{EDC7B005-63BE-4942-B429-3368E2E0698F}.Release|Any CPU.Build.0 = Release|Any CPU
		{8379A8F8-7EA6-463B-97BD-37999B94A514}.Debug|Any CPU.ActiveCfg = Debug|Any CPU
		{8379A8F8-7EA6-463B-97BD-37999B94A514}.Debug|Any CPU.Build.0 = Debug|Any CPU
		{8379A8F8-7EA6-463B-97BD-37999B94A514}.Release|Any CPU.ActiveCfg = Release|Any CPU
		{8379A8F8-7EA6-463B-97BD-37999B94A514}.Release|Any CPU.Build.0 = Release|Any CPU
	EndGlobalSection
	GlobalSection(SolutionProperties) = preSolution
		HideSolutionNode = FALSE
	EndGlobalSection
	GlobalSection(NestedProjects) = preSolution
		{5DA6520C-7030-4ADE-81C3-07B6F09C46E1} = {C428577C-F741-4146-92DD-E5BC3EDFC74A}
		{EDC7B005-63BE-4942-B429-3368E2E0698F} = {C428577C-F741-4146-92DD-E5BC3EDFC74A}
		{8379A8F8-7EA6-463B-97BD-37999B94A514} = {C428577C-F741-4146-92DD-E5BC3EDFC74A}
	EndGlobalSection
	GlobalSection(ExtensibilityGlobals) = postSolution
		SolutionGuid = {47620D3E-1195-42B2-B9CC-FD1CE950602E}
	EndGlobalSection
EndGlobal
